
Microsoft Visual Studio Solution File, Format Version 12.00
# Visual Studio Version 17
VisualStudioVersion = 17.2.32630.192
MinimumVisualStudioVersion = 10.0.40219.1
Project("{FAE04EC0-301F-11D3-BF4B-00C04F79EFBC}") = "LogisticsApplication", "LogisticsApplication\LogisticsApplication.csproj", "{802FCB1C-3747-4733-AA7E-F66DA7C9BACD}"
EndProject
Global
	GlobalSection(SolutionConfigurationPlatforms) = preSolution
		Debug|Any CPU = Debug|Any CPU
		Release|Any CPU = Release|Any CPU
	EndGlobalSection
	GlobalSection(ProjectConfigurationPlatforms) = postSolution
		{802FCB1C-3747-4733-AA7E-F66DA7C9BACD}.Debug|Any CPU.ActiveCfg = Debug|Any CPU
		{802FCB1C-3747-4733-AA7E-F66DA7C9BACD}.Debug|Any CPU.Build.0 = Debug|Any CPU
		{802FCB1C-3747-4733-AA7E-F66DA7C9BACD}.Release|Any CPU.ActiveCfg = Release|Any CPU
		{802FCB1C-3747-4733-AA7E-F66DA7C9BACD}.Release|Any CPU.Build.0 = Release|Any CPU
	EndGlobalSection
	GlobalSection(SolutionProperties) = preSolution
		HideSolutionNode = FALSE
	EndGlobalSection
	GlobalSection(ExtensibilityGlobals) = postSolution
		SolutionGuid = {2AF05FC5-90ED-4CF2-BFB1-36CB02AC358A}
	EndGlobalSection
EndGlobal
